
Microsoft Visual Studio Solution File, Format Version 12.00
# Visual Studio Version 17
VisualStudioVersion = 17.5.33627.172
MinimumVisualStudioVersion = 10.0.40219.1
Project("{FAE04EC0-301F-11D3-BF4B-00C04F79EFBC}") = "PC6 Leap years between 2 dates", "PC6 Leap years between 2 dates\PC6 Leap years between 2 dates.csproj", "{EB9F8C4B-3461-43BB-BAEC-5DEB3A511CCB}"
EndProject
Global
	GlobalSection(SolutionConfigurationPlatforms) = preSolution
		Debug|Any CPU = Debug|Any CPU
		Release|Any CPU = Release|Any CPU
	EndGlobalSection
	GlobalSection(ProjectConfigurationPlatforms) = postSolution
		{EB9F8C4B-3461-43BB-BAEC-5DEB3A511CCB}.Debug|Any CPU.ActiveCfg = Debug|Any CPU
		{EB9F8C4B-3461-43BB-BAEC-5DEB3A511CCB}.Debug|Any CPU.Build.0 = Debug|Any CPU
		{EB9F8C4B-3461-43BB-BAEC-5DEB3A511CCB}.Release|Any CPU.ActiveCfg = Release|Any CPU
		{EB9F8C4B-3461-43BB-BAEC-5DEB3A511CCB}.Release|Any CPU.Build.0 = Release|Any CPU
	EndGlobalSection
	GlobalSection(SolutionProperties) = preSolution
		HideSolutionNode = FALSE
	EndGlobalSection
	GlobalSection(ExtensibilityGlobals) = postSolution
		SolutionGuid = {3E1E9CE9-CC58-4DF5-94FA-83C7F97874FA}
	EndGlobalSection
EndGlobal
